github.com/function-cafe/go-golang v0.0.0-20221211201049-26213aff5246 h1:xOugI/HDfVVVB3K6k2tHzF+kWakS1Au+kvOg1rwLG5U=
github.com/function-cafe/go-golang v0.0.0-20221211201049-26213aff5246/go.mod h1:FLvPEo9cdk8nUuBkK1WEGZc2kQCTqQ+Xh5gUqgyWD5s=
github.com/oklog/ulid/v2 v2.1.0 h1:+9lhoxAP56we25tyYETBBY1YLA2SaoLvUFgrP2miPJU=
github.com/oklog/ulid/v2 v2.1.0/go.mod h1:rcEKHmBBKfef9DhnvX7y1HZBYxjXb0cP5ExxNsTT1QQ=
github.com/pborman/getopt v0.0.0-20170112200414-7148bc3a4c30/go.mod h1:85jBQOZwpVEaDAr341tbn15RS4fCAsIst0qp7i8ex1o=
github.com/schema-cafe/go-types v0.0.0-20221128165804-3a87346b6c0e h1:86V8ilovEih/hmlwckrYi0t9WmJxMaqyd5HtVL/Mec0=
github.com/schema-cafe/go-types v0.0.0-20221128165804-3a87346b6c0e/go.mod h1:XFwldZ4r7y3MhIkNklHweEgabaB7uR5LPp2dVU19B4U=
golang.org/x/crypto v0.4.0 h1:UVQgzMY87xqpKNgb+kDsll2Igd33HszWHFLmpaRMq/8=
golang.org/x/crypto v0.4.0/go.mod h1:3quD/ATkf6oY+rnes5c3ExXTbLc8mueNue5/DoinL80=
golang.org/x/net v0.3.0 h1:VWL6FNY2bEEmsGVKabSlHu5Irp34xmMRoqb/9lF9lxk=
golang.org/x/net v0.3.0/go.mod h1:MBQ8lrhLObU/6UmLb4fmbmk5OcyYmqtbGd/9yIeKjEE=
golang.org/x/text v0.5.0 h1:OLmvp0KP+FVG99Ct/qFiL/Fhk4zp4QQnZ7b2U+5piUM=
golang.org/x/text v0.5.0/go.mod h1:mrYo+phRRbMaCq/xk9113O4dZlRixOauAjOtrjsXDZ8=
lib.dev/english v0.0.0-20230115212210-7ff5646e0ab1 h1:jcrhx1GS8RFQbzTMZinDDCz8bk1NnY8ZqWAHoVYGHZs=
lib.dev/english v0.0.0-20230115212210-7ff5646e0ab1/go.mod h1:iX05I7hhUtSOLA99yi74kIdldm4PZGX4xVjXrB6xYYI=
lib.dev/golang v0.0.0-20221223233505-5688f215f885 h1:bXs1AcIFJK9Ja4cz3h1xzt6FaM7UYIOvR3V6Pifwv2A=
lib.dev/golang v0.0.0-20221223233505-5688f215f885/go.mod h1:kgE6ZI6ozOyP3TdUA1R2yX+0kcMjRAm6ZtI6ix48iaM=
lib.dev/libdev v0.0.0-20230105172216-80c5dd064337 h1:4wH6oHIYxMh4GJtrTxUAOJCdXcACv828Wevtd6fdw04=
lib.dev/libdev v0.0.0-20230105172216-80c5dd064337/go.mod h1:Uuk4tsUNBzpumXswUZPHq5CpB+mm9azqPBGSBwyU8+c=
lib.dev/nameconv v0.0.0-20221223233617-17b12b997591 h1:JTHsLH0FOHeAvWpNPuwWwC3vak0tY7fuV6RUf5plX3M=
lib.dev/nameconv v0.0.0-20221223233617-17b12b997591/go.mod h1:ZreROP6WykjnxzAILXM2u1LRXb8qiJm/nqt6x+5Yj5M=
lib.dev/strutil v0.0.0-20230103031229-6f003e85765b h1:F3Fk7kffHzGCpJvUdXPXaHQC+diumdMspKtT3nGJnT0=
lib.dev/strutil v0.0.0-20230103031229-6f003e85765b/go.mod h1:LwfTpYWH4D13vlFUsy1SeY5y5Uq/BTC3rJ4iEG9VE1E=
lib.dev/web v0.0.0-20230113201407-4f81a5c6015a h1:dXpIDm1c/Nwr1vFc80ARYl6CFeYc8/S786hcbvHEFt0=
lib.dev/web v0.0.0-20230113201407-4f81a5c6015a/go.mod h1:cxXkkrYMp9rcQYwlpcNeTjYoee7JavOhLEe9x0zmRSY=
